
Microsoft Visual Studio Solution File, Format Version 12.00
# Visual Studio Version 16
VisualStudioVersion = 16.0.29806.167
MinimumVisualStudioVersion = 10.0.40219.1
Project("{FAE04EC0-301F-11D3-BF4B-00C04F79EFBC}") = "GraphQL-Mongo", "GraphQL-Mongo.csproj", "{49CB65CF-B95A-497C-914C-11D57D6CFFA8}"
EndProject
Global
	GlobalSection(SolutionConfigurationPlatforms) = preSolution
		Debug|Any CPU = Debug|Any CPU
		Release|Any CPU = Release|Any CPU
	EndGlobalSection
	GlobalSection(ProjectConfigurationPlatforms) = postSolution
		{49CB65CF-B95A-497C-914C-11D57D6CFFA8}.Debug|Any CPU.ActiveCfg = Debug|Any CPU
		{49CB65CF-B95A-497C-914C-11D57D6CFFA8}.Debug|Any CPU.Build.0 = Debug|Any CPU
		{49CB65CF-B95A-497C-914C-11D57D6CFFA8}.Release|Any CPU.ActiveCfg = Release|Any CPU
		{49CB65CF-B95A-497C-914C-11D57D6CFFA8}.Release|Any CPU.Build.0 = Release|Any CPU
	EndGlobalSection
	GlobalSection(SolutionProperties) = preSolution
		HideSolutionNode = FALSE
	EndGlobalSection
	GlobalSection(ExtensibilityGlobals) = postSolution
		SolutionGuid = {81A89E42-7F61-4FA6-A582-55522DF70FCF}
	EndGlobalSection
EndGlobal
